
Microsoft Visual Studio Solution File, Format Version 12.00
# Visual Studio Version 17
VisualStudioVersion = 17.4.33213.308
MinimumVisualStudioVersion = 10.0.40219.1
Project("{FAE04EC0-301F-11D3-BF4B-00C04F79EFBC}") = "Brown", "Brown.csproj", "{26D46CC1-102B-4489-945E-C182E7B20A2B}"
EndProject
Global
	GlobalSection(SolutionConfigurationPlatforms) = preSolution
		Debug|Any CPU = Debug|Any CPU
		Release|Any CPU = Release|Any CPU
	EndGlobalSection
	GlobalSection(ProjectConfigurationPlatforms) = postSolution
		{26D46CC1-102B-4489-945E-C182E7B20A2B}.Debug|Any CPU.ActiveCfg = Debug|Any CPU
		{26D46CC1-102B-4489-945E-C182E7B20A2B}.Debug|Any CPU.Build.0 = Debug|Any CPU
		{26D46CC1-102B-4489-945E-C182E7B20A2B}.Release|Any CPU.ActiveCfg = Release|Any CPU
		{26D46CC1-102B-4489-945E-C182E7B20A2B}.Release|Any CPU.Build.0 = Release|Any CPU
	EndGlobalSection
	GlobalSection(SolutionProperties) = preSolution
		HideSolutionNode = FALSE
	EndGlobalSection
	GlobalSection(ExtensibilityGlobals) = postSolution
		SolutionGuid = {52384FEE-2A83-48BF-9721-4A02CF989F28}
	EndGlobalSection
EndGlobal
